
Microsoft Visual Studio Solution File, Format Version 12.00
# Visual Studio Version 17
VisualStudioVersion = 17.5.33424.131
MinimumVisualStudioVersion = 10.0.40219.1
Project("{9A19103F-16F7-4668-BE54-9A1E7A4F7556}") = "DeliveryDeck_Backend_Final", "DeliveryDeck_Backend_Final\DeliveryDeck_Backend_Final.csproj", "{DE2ACFFE-B1DE-4839-A33D-09139306A15B}"
	ProjectSection(ProjectDependencies) = postProject
		{068F21D1-DC9B-4399-B744-08E7AF1E9424} = {068F21D1-DC9B-4399-B744-08E7AF1E9424}
		{30702B17-7380-4643-90BD-F08E17A14CEC} = {30702B17-7380-4643-90BD-F08E17A14CEC}
		{51B4C46A-8367-4C56-A8FF-D72A1E923495} = {51B4C46A-8367-4C56-A8FF-D72A1E923495}
		{AF177F1B-E1F3-4508-B53A-45D51F9B3E28} = {AF177F1B-E1F3-4508-B53A-45D51F9B3E28}
		{C599546C-A72B-4525-8D67-083377780503} = {C599546C-A72B-4525-8D67-083377780503}
	EndProjectSection
EndProject
Project("{9A19103F-16F7-4668-BE54-9A1E7A4F7556}") = "DeliveryDeck_Backend_Final.Auth", "DeliveryDeck_Backend_Final.Auth\DeliveryDeck_Backend_Final.Auth.csproj", "{30702B17-7380-4643-90BD-F08E17A14CEC}"
EndProject
Project("{2150E333-8FDC-42A3-9474-1A3956D46DE8}") = "Libraries", "Libraries", "{449C211C-94F5-4D4B-B3A2-F9B82847EA65}"
EndProject
Project("{9A19103F-16F7-4668-BE54-9A1E7A4F7556}") = "DeliveryDeck_Backend_Final.Auth.BLL", "DeliveryDeck_Backend_Final.Auth.BLL\DeliveryDeck_Backend_Final.Auth.BLL.csproj", "{068F21D1-DC9B-4399-B744-08E7AF1E9424}"
EndProject
Project("{9A19103F-16F7-4668-BE54-9A1E7A4F7556}") = "DeliveryDeck_Backend_Final.Common", "DeliveryDeck_Backend_Final.Common\DeliveryDeck_Backend_Final.Common.csproj", "{AF177F1B-E1F3-4508-B53A-45D51F9B3E28}"
EndProject
Project("{9A19103F-16F7-4668-BE54-9A1E7A4F7556}") = "DeliveryDeck_Backend_Final.Auth.DAL", "DeliveryDeck_Backend_Final.Auth.DAL\DeliveryDeck_Backend_Final.Auth.DAL.csproj", "{C599546C-A72B-4525-8D67-083377780503}"
EndProject
Project("{9A19103F-16F7-4668-BE54-9A1E7A4F7556}") = "DeliveryDeck_Backend_Final.JWT", "DeliveryDeck_Backend_Final.JWT\DeliveryDeck_Backend_Final.JWT.csproj", "{51B4C46A-8367-4C56-A8FF-D72A1E923495}"
EndProject
Project("{9A19103F-16F7-4668-BE54-9A1E7A4F7556}") = "DeliveryDeck_Backend_Final.Backend.DAL", "DeliveryDeck_Backend_Final.Backend.DAL\DeliveryDeck_Backend_Final.Backend.DAL.csproj", "{F8F42E00-F79E-4E44-8F7B-D1281457D2E3}"
EndProject
Project("{9A19103F-16F7-4668-BE54-9A1E7A4F7556}") = "DeliveryDeck_Backend_Final.Backend.BLL", "DeliveryDeck_Backend_Final.Backend.BLL\DeliveryDeck_Backend_Final.Backend.BLL.csproj", "{D1E90EEE-918E-43A5-9FF2-130B9F64D750}"
EndProject
Project("{2150E333-8FDC-42A3-9474-1A3956D46DE8}") = "Deployment", "Deployment", "{4572F6EF-BB53-4D28-B7B8-059572D297BD}"
	ProjectSection(SolutionItems) = preProject
		auth.Dockerfile = auth.Dockerfile
		backend.Dockerfile = backend.Dockerfile
		db_auth.env = db_auth.env
		db_backend.env = db_backend.env
		docker-compose.yaml = docker-compose.yaml
	EndProjectSection
EndProject
Project("{9A19103F-16F7-4668-BE54-9A1E7A4F7556}") = "AdminPanel", "AdminPanel\AdminPanel.csproj", "{96DE6710-7745-421B-B6D1-A395C32FCC7F}"
EndProject
Project("{9A19103F-16F7-4668-BE54-9A1E7A4F7556}") = "AdminPanel.BLL", "AdminPanel.BLL\AdminPanel.BLL.csproj", "{CD227112-4CE6-4D3E-A065-6E69214DB32F}"
EndProject
Project("{FAE04EC0-301F-11D3-BF4B-00C04F79EFBC}") = "Notifications", "Notifications\Notifications.csproj", "{C92A7CDE-B523-4BBC-8723-A5CDEC95AB5D}"
EndProject
Global
	GlobalSection(SolutionConfigurationPlatforms) = preSolution
		Debug|Any CPU = Debug|Any CPU
		Release|Any CPU = Release|Any CPU
	EndGlobalSection
	GlobalSection(ProjectConfigurationPlatforms) = postSolution
		{DE2ACFFE-B1DE-4839-A33D-09139306A15B}.Debug|Any CPU.ActiveCfg = Debug|Any CPU
		{DE2ACFFE-B1DE-4839-A33D-09139306A15B}.Debug|Any CPU.Build.0 = Debug|Any CPU
		{DE2ACFFE-B1DE-4839-A33D-09139306A15B}.Release|Any CPU.ActiveCfg = Release|Any CPU
		{DE2ACFFE-B1DE-4839-A33D-09139306A15B}.Release|Any CPU.Build.0 = Release|Any CPU
		{30702B17-7380-4643-90BD-F08E17A14CEC}.Debug|Any CPU.ActiveCfg = Debug|Any CPU
		{30702B17-7380-4643-90BD-F08E17A14CEC}.Debug|Any CPU.Build.0 = Debug|Any CPU
		{30702B17-7380-4643-90BD-F08E17A14CEC}.Release|Any CPU.ActiveCfg = Release|Any CPU
		{30702B17-7380-4643-90BD-F08E17A14CEC}.Release|Any CPU.Build.0 = Release|Any CPU
		{068F21D1-DC9B-4399-B744-08E7AF1E9424}.Debug|Any CPU.ActiveCfg = Debug|Any CPU
		{068F21D1-DC9B-4399-B744-08E7AF1E9424}.Debug|Any CPU.Build.0 = Debug|Any CPU
		{068F21D1-DC9B-4399-B744-08E7AF1E9424}.Release|Any CPU.ActiveCfg = Release|Any CPU
		{068F21D1-DC9B-4399-B744-08E7AF1E9424}.Release|Any CPU.Build.0 = Release|Any CPU
		{AF177F1B-E1F3-4508-B53A-45D51F9B3E28}.Debug|Any CPU.ActiveCfg = Debug|Any CPU
		{AF177F1B-E1F3-4508-B53A-45D51F9B3E28}.Debug|Any CPU.Build.0 = Debug|Any CPU
		{AF177F1B-E1F3-4508-B53A-45D51F9B3E28}.Release|Any CPU.ActiveCfg = Release|Any CPU
		{AF177F1B-E1F3-4508-B53A-45D51F9B3E28}.Release|Any CPU.Build.0 = Release|Any CPU
		{C599546C-A72B-4525-8D67-083377780503}.Debug|Any CPU.ActiveCfg = Debug|Any CPU
		{C599546C-A72B-4525-8D67-083377780503}.Debug|Any CPU.Build.0 = Debug|Any CPU
		{C599546C-A72B-4525-8D67-083377780503}.Release|Any CPU.ActiveCfg = Release|Any CPU
		{C599546C-A72B-4525-8D67-083377780503}.Release|Any CPU.Build.0 = Release|Any CPU
		{51B4C46A-8367-4C56-A8FF-D72A1E923495}.Debug|Any CPU.ActiveCfg = Debug|Any CPU
		{51B4C46A-8367-4C56-A8FF-D72A1E923495}.Debug|Any CPU.Build.0 = Debug|Any CPU
		{51B4C46A-8367-4C56-A8FF-D72A1E923495}.Release|Any CPU.ActiveCfg = Release|Any CPU
		{51B4C46A-8367-4C56-A8FF-D72A1E923495}.Release|Any CPU.Build.0 = Release|Any CPU
		{F8F42E00-F79E-4E44-8F7B-D1281457D2E3}.Debug|Any CPU.ActiveCfg = Debug|Any CPU
		{F8F42E00-F79E-4E44-8F7B-D1281457D2E3}.Debug|Any CPU.Build.0 = Debug|Any CPU
		{F8F42E00-F79E-4E44-8F7B-D1281457D2E3}.Release|Any CPU.ActiveCfg = Release|Any CPU
		{F8F42E00-F79E-4E44-8F7B-D1281457D2E3}.Release|Any CPU.Build.0 = Release|Any CPU
		{D1E90EEE-918E-43A5-9FF2-130B9F64D750}.Debug|Any CPU.ActiveCfg = Debug|Any CPU
		{D1E90EEE-918E-43A5-9FF2-130B9F64D750}.Debug|Any CPU.Build.0 = Debug|Any CPU
		{D1E90EEE-918E-43A5-9FF2-130B9F64D750}.Release|Any CPU.ActiveCfg = Release|Any CPU
		{D1E90EEE-918E-43A5-9FF2-130B9F64D750}.Release|Any CPU.Build.0 = Release|Any CPU
		{96DE6710-7745-421B-B6D1-A395C32FCC7F}.Debug|Any CPU.ActiveCfg = Debug|Any CPU
		{96DE6710-7745-421B-B6D1-A395C32FCC7F}.Debug|Any CPU.Build.0 = Debug|Any CPU
		{96DE6710-7745-421B-B6D1-A395C32FCC7F}.Release|Any CPU.ActiveCfg = Release|Any CPU
		{96DE6710-7745-421B-B6D1-A395C32FCC7F}.Release|Any CPU.Build.0 = Release|Any CPU
		{CD227112-4CE6-4D3E-A065-6E69214DB32F}.Debug|Any CPU.ActiveCfg = Debug|Any CPU
		{CD227112-4CE6-4D3E-A065-6E69214DB32F}.Debug|Any CPU.Build.0 = Debug|Any CPU
		{CD227112-4CE6-4D3E-A065-6E69214DB32F}.Release|Any CPU.ActiveCfg = Release|Any CPU
		{CD227112-4CE6-4D3E-A065-6E69214DB32F}.Release|Any CPU.Build.0 = Release|Any CPU
		{C92A7CDE-B523-4BBC-8723-A5CDEC95AB5D}.Debug|Any CPU.ActiveCfg = Debug|Any CPU
		{C92A7CDE-B523-4BBC-8723-A5CDEC95AB5D}.Debug|Any CPU.Build.0 = Debug|Any CPU
		{C92A7CDE-B523-4BBC-8723-A5CDEC95AB5D}.Release|Any CPU.ActiveCfg = Release|Any CPU
		{C92A7CDE-B523-4BBC-8723-A5CDEC95AB5D}.Release|Any CPU.Build.0 = Release|Any CPU
	EndGlobalSection
	GlobalSection(SolutionProperties) = preSolution
		HideSolutionNode = FALSE
	EndGlobalSection
	GlobalSection(NestedProjects) = preSolution
		{068F21D1-DC9B-4399-B744-08E7AF1E9424} = {449C211C-94F5-4D4B-B3A2-F9B82847EA65}
		{AF177F1B-E1F3-4508-B53A-45D51F9B3E28} = {449C211C-94F5-4D4B-B3A2-F9B82847EA65}
		{C599546C-A72B-4525-8D67-083377780503} = {449C211C-94F5-4D4B-B3A2-F9B82847EA65}
		{51B4C46A-8367-4C56-A8FF-D72A1E923495} = {449C211C-94F5-4D4B-B3A2-F9B82847EA65}
		{F8F42E00-F79E-4E44-8F7B-D1281457D2E3} = {449C211C-94F5-4D4B-B3A2-F9B82847EA65}
		{D1E90EEE-918E-43A5-9FF2-130B9F64D750} = {449C211C-94F5-4D4B-B3A2-F9B82847EA65}
		{CD227112-4CE6-4D3E-A065-6E69214DB32F} = {449C211C-94F5-4D4B-B3A2-F9B82847EA65}
	EndGlobalSection
	GlobalSection(ExtensibilityGlobals) = postSolution
		SolutionGuid = {FC38D370-97B7-4BC5-9536-2EE722F2315B}
	EndGlobalSection
EndGlobal
